
Microsoft Visual Studio Solution File, Format Version 12.00
# Visual Studio Version 17
VisualStudioVersion = 17.0.31612.314
MinimumVisualStudioVersion = 10.0.40219.1
Project("{9A19103F-16F7-4668-BE54-9A1E7A4F7556}") = "Api", "Api\Api.csproj", "{C8636116-6B14-403B-9F2A-1BF51DF30DCF}"
EndProject
Project("{FAE04EC0-301F-11D3-BF4B-00C04F79EFBC}") = "Library", "Library\Library.csproj", "{1CBA1EF1-6892-43A0-AE3D-13E4D9D5DE9D}"
EndProject
Project("{FAE04EC0-301F-11D3-BF4B-00C04F79EFBC}") = "Interface", "Interface\Interface.csproj", "{8839D0BF-7ADE-41FA-88E5-7FAF96827129}"
EndProject
Global
	GlobalSection(SolutionConfigurationPlatforms) = preSolution
		Debug|Any CPU = Debug|Any CPU
		Release|Any CPU = Release|Any CPU
	EndGlobalSection
	GlobalSection(ProjectConfigurationPlatforms) = postSolution
		{C8636116-6B14-403B-9F2A-1BF51DF30DCF}.Debug|Any CPU.ActiveCfg = Debug|Any CPU
		{C8636116-6B14-403B-9F2A-1BF51DF30DCF}.Debug|Any CPU.Build.0 = Debug|Any CPU
		{C8636116-6B14-403B-9F2A-1BF51DF30DCF}.Release|Any CPU.ActiveCfg = Release|Any CPU
		{C8636116-6B14-403B-9F2A-1BF51DF30DCF}.Release|Any CPU.Build.0 = Release|Any CPU
		{1CBA1EF1-6892-43A0-AE3D-13E4D9D5DE9D}.Debug|Any CPU.ActiveCfg = Debug|Any CPU
		{1CBA1EF1-6892-43A0-AE3D-13E4D9D5DE9D}.Debug|Any CPU.Build.0 = Debug|Any CPU
		{1CBA1EF1-6892-43A0-AE3D-13E4D9D5DE9D}.Release|Any CPU.ActiveCfg = Release|Any CPU
		{1CBA1EF1-6892-43A0-AE3D-13E4D9D5DE9D}.Release|Any CPU.Build.0 = Release|Any CPU
		{8839D0BF-7ADE-41FA-88E5-7FAF96827129}.Debug|Any CPU.ActiveCfg = Debug|Any CPU
		{8839D0BF-7ADE-41FA-88E5-7FAF96827129}.Debug|Any CPU.Build.0 = Debug|Any CPU
		{8839D0BF-7ADE-41FA-88E5-7FAF96827129}.Release|Any CPU.ActiveCfg = Release|Any CPU
		{8839D0BF-7ADE-41FA-88E5-7FAF96827129}.Release|Any CPU.Build.0 = Release|Any CPU
	EndGlobalSection
	GlobalSection(SolutionProperties) = preSolution
		HideSolutionNode = FALSE
	EndGlobalSection
	GlobalSection(ExtensibilityGlobals) = postSolution
		SolutionGuid = {7D582842-AC40-4C29-B374-0994A9E8EB7B}
	EndGlobalSection
EndGlobal
